PODS:
  - Alamofire (4.4.0)
  - DZNEmptyDataSet (1.8.1)
  - Moya/Core (8.0.4):
    - Alamofire (~> 4.1)
    - Result (~> 3.0)
  - Moya/RxSwift (8.0.4):
    - Moya/Core
    - RxSwift (~> 3.0)
  - R.swift (3.2.0):
    - R.swift.Library (~> 3.0.2)
  - R.swift.Library (3.0.2)
  - Result (3.2.2)
  - RxCocoa (3.4.1):
    - RxSwift (~> 3.4)
  - RxDataSources (1.0.3):
    - RxCocoa (~> 3.0)
    - RxSwift (~> 3.0)
  - RxSwift (3.4.1)
  - SlideMenuControllerSwift (3.0.1)
  - SwiftyJSON (3.1.4)

DEPENDENCIES:
  - DZNEmptyDataSet
  - Moya/RxSwift
  - R.swift
  - RxCocoa
  - RxDataSources
  - RxSwift
  - SlideMenuControllerSwift
  - SwiftyJSON

SPEC CHECKSUMS:
  Alamofire: dc44b1600b800eb63da6a19039a0083d62a6a62d
  DZNEmptyDataSet: 9525833b9e68ac21c30253e1d3d7076cc828eaa7
  Moya: a08bc060c7a44eee27447b239ed33a189b641e2b
  R.swift: 207a372a2b5977caef440c696a368009460641d1
  R.swift.Library: fbdec16c9802ad104fc1ba53415dc190e6ec5c73
  Result: 4edd39003fdccf281d418ee1b006571f70123250
  RxCocoa: a8a5f1d061d0043e28f56976829f31ce63e8eb09
  RxDataSources: a021a0e944ba5f7991259829d973afdbfa719c0b
  RxSwift: 656f8fbeca5bc372121a72d9ebdd3cd3bc0ffade
  SlideMenuControllerSwift: 9a163b16d54afab734add42858cba7ef7c307755
  SwiftyJSON: c2842d878f95482ffceec5709abc3d05680c0220

PODFILE CHECKSUM: ae33910cfc264b92072fbe5c633a773c4b425c7b

COCOAPODS: 1.2.1
