// !$*UTF8*$!
{
	archiveVersion = 1;
	classes = {
	};
	objectVersion = 46;
	objects = {

/* Begin PBXBuildFile section */
		1839735A1EDA52D5009ECCB5 /* AppDelegate.swift in Sources */ = {isa = PBXBuildFile; fileRef = 183973591EDA52D5009ECCB5 /* AppDelegate.swift */; };
		1839735C1EDA52D5009ECCB5 /* ViewController.swift in Sources */ = {isa = PBXBuildFile; fileRef = 1839735B1EDA52D5009ECCB5 /* ViewController.swift */; };
		1839735F1EDA52D5009ECCB5 /* Main.storyboard in Resources */ = {isa = PBXBuildFile; fileRef = 1839735D1EDA52D5009ECCB5 /* Main.storyboard */; };
		183973611EDA52D5009ECCB5 /* Assets.xcassets in Resources */ = {isa = PBXBuildFile; fileRef = 183973601EDA52D5009ECCB5 /* Assets.xcassets */; };
		183973641EDA52D5009ECCB5 /* LaunchScreen.storyboard in Resources */ = {isa = PBXBuildFile; fileRef = 183973621EDA52D5009ECCB5 /* LaunchScreen.storyboard */; };
/* End PBXBuildFile section */

/* Begin PBXFileReference section */
		183973561EDA52D5009ECCB5 /* GithubDemo.app */ = {isa = PBXFileReference; explicitFileType = wrapper.application; includeInIndex = 0; path = GithubDemo.app; sourceTree = BUILT_PRODUCTS_DIR; };
		183973591EDA52D5009ECCB5 /* AppDelegate.swift */ = {isa = PBXFileReference; lastKnownFileType = sourcecode.swift; path = AppDelegate.swift; sourceTree = "<group>"; };
		1839735B1EDA52D5009ECCB5 /* ViewController.swift */ = {isa = PBXFileReference; lastKnownFileType = sourcecode.swift; path = ViewController.swift; sourceTree = "<group>"; };
		1839735E1EDA52D5009ECCB5 /* Base */ = {isa = PBXFileReference; lastKnownFileType = file.storyboard; name = Base; path = Base.lproj/Main.storyboard; sourceTree = "<group>"; };
		183973601EDA52D5009ECCB5 /* Assets.xcassets */ = {isa = PBXFileReference; lastKnownFileType = folder.assetcatalog; path = Assets.xcassets; sourceTree = "<group>"; };
		183973631EDA52D5009ECCB5 /* Base */ = {isa = PBXFileReference; lastKnownFileType = file.storyboard; name = Base; path = Base.lproj/LaunchScreen.storyboard; sourceTree = "<group>"; };
		183973651EDA52D5009ECCB5 /* Info.plist */ = {isa = PBXFileReference; lastKnownFileType = text.plist.xml; path = Info.plist; sourceTree = "<group>"; };
/* End PBXFileReference section */

/* Begin PBXFrameworksBuildPhase section */
		183973531EDA52D5009ECCB5 /* Frameworks */ = {
			isa = PBXFrameworksBuildPhase;
			buildActionMask = 2147483647;
			files = (
			);
			runOnlyForDeploymentPostprocessing = 0;
		};
/* End PBXFrameworksBuildPhase section */

/* Begin PBXGroup section */
		1839734D1EDA52D5009ECCB5 = {
			isa = PBXGroup;
			children = (
				183973581EDA52D5009ECCB5 /* GithubDemo */,
				183973571EDA52D5009ECCB5 /* Products */,
			);
			sourceTree = "<group>";
		};
		183973571EDA52D5009ECCB5 /* Products */ = {
			isa = PBXGroup;
			children = (
				183973561EDA52D5009ECCB5 /* GithubDemo.app */,
			);
			name = Products;
			sourceTree = "<group>";
		};
		183973581EDA52D5009ECCB5 /* GithubDemo */ = {
			isa = PBXGroup;
			children = (
				183973591EDA52D5009ECCB5 /* AppDelegate.swift */,
				1839735B1EDA52D5009ECCB5 /* ViewController.swift */,
				1839735D1EDA52D5009ECCB5 /* Main.storyboard */,
				183973601EDA52D5009ECCB5 /* Assets.xcassets */,
				183973621EDA52D5009ECCB5 /* LaunchScreen.storyboard */,
				183973651EDA52D5009ECCB5 /* Info.plist */,
			);
			path = GithubDemo;
			sourceTree = "<group>";
		};
/* End PBXGroup section */

/* Begin PBXNativeTarget section */
		183973551EDA52D5009ECCB5 /* GithubDemo */ = {
			isa = PBXNativeTarget;
			buildConfigurationList = 183973681EDA52D5009ECCB5 /* Build configuration list for PBXNativeTarget "GithubDemo" */;
			buildPhases = (
				183973521EDA52D5009ECCB5 /* Sources */,
				183973531EDA52D5009ECCB5 /* Frameworks */,
				183973541EDA52D5009ECCB5 /* Resources */,
			);
			buildRules = (
			);
			dependencies = (
			);
			name = GithubDemo;
			productName = GithubDemo;
			productReference = 183973561EDA52D5009ECCB5 /* GithubDemo.app */;
			productType = "com.apple.product-type.application";
		};
/* End PBXNativeTarget section */

/* Begin PBXProject section */
		1839734E1EDA52D5009ECCB5 /* Project object */ = {
			isa = PBXProject;
			attributes = {
				LastSwiftUpdateCheck = 0830;
				LastUpgradeCheck = 0830;
				ORGANIZATIONNAME = apple;
				TargetAttributes = {
					183973551EDA52D5009ECCB5 = {
						CreatedOnToolsVersion = 8.3.2;
						ProvisioningStyle = Automatic;
					};
				};
			};
			buildConfigurationList = 183973511EDA52D5009ECCB5 /* Build configuration list for PBXProject "GithubDemo" */;
			compatibilityVersion = "Xcode 3.2";
			developmentRegion = English;
			hasScannedForEncodings = 0;
			knownRegions = (
				en,
				Base,
			);
			mainGroup = 1839734D1EDA52D5009ECCB5;
			productRefGroup = 183973571EDA52D5009ECCB5 /* Products */;
			projectDirPath = "";
			projectRoot = "";
			targets = (
				183973551EDA52D5009ECCB5 /* GithubDemo */,
			);
		};
/* End PBXProject section */

/* Begin PBXResourcesBuildPhase section */
		183973541EDA52D5009ECCB5 /* Resources */ = {
			isa = PBXResourcesBuildPhase;
			buildActionMask = 2147483647;
			files = (
				183973641EDA52D5009ECCB5 /* LaunchScreen.storyboard in Resources */,
				183973611EDA52D5009ECCB5 /* Assets.xcassets in Resources */,
				1839735F1EDA52D5009ECCB5 /* Main.storyboard in Resources */,
			);
			runOnlyForDeploymentPostprocessing = 0;
		};
/* End PBXResourcesBuildPhase section */

/* Begin PBXSourcesBuildPhase section */
		183973521EDA52D5009ECCB5 /* Sources */ = {
			isa = PBXSourcesBuildPhase;
			buildActionMask = 2147483647;
			files = (
				1839735C1EDA52D5009ECCB5 /* ViewController.swift in Sources */,
				1839735A1EDA52D5009ECCB5 /* AppDelegate.swift in Sources */,
			);
			runOnlyForDeploymentPostprocessing = 0;
		};
/* End PBXSourcesBuildPhase section */

/* Begin PBXVariantGroup section */
		1839735D1EDA52D5009ECCB5 /* Main.storyboard */ = {
			isa = PBXVariantGroup;
			children = (
				1839735E1EDA52D5009ECCB5 /* Base */,
			);
			name = Main.storyboard;
			sourceTree = "<group>";
		};
		183973621EDA52D5009ECCB5 /* LaunchScreen.storyboard */ = {
			isa = PBXVariantGroup;
			children = (
				183973631EDA52D5009ECCB5 /* Base */,
			);
			name = LaunchScreen.storyboard;
			sourceTree = "<group>";
		};
/* End PBXVariantGroup section */

/* Begin XCBuildConfiguration section */
		183973661EDA52D5009ECCB5 /* Debug */ = {
			isa = XCBuildConfiguration;
			buildSettings = {
				ALWAYS_SEARCH_USER_PATHS = NO;
				CLANG_ANALYZER_NONNULL = YES;
				CLANG_ANALYZER_NUMBER_OBJECT_CONVERSION = YES_AGGRESSIVE;
				CLANG_CXX_LANGUAGE_STANDARD = "gnu++0x";
				CLANG_CXX_LIBRARY = "libc++";
				CLANG_ENABLE_MODULES = YES;
				CLANG_ENABLE_OBJC_ARC = YES;
				CLANG_WARN_BOOL_CONVERSION = YES;
				CLANG_WARN_CONSTANT_CONVERSION = YES;
				CLANG_WARN_DIRECT_OBJC_ISA_USAGE = YES_ERROR;
				CLANG_WARN_DOCUMENTATION_COMMENTS = YES;
				CLANG_WARN_EMPTY_BODY = YES;
				CLANG_WARN_ENUM_CONVERSION = YES;
				CLANG_WARN_INFINITE_RECURSION = YES;
				CLANG_WARN_INT_CONVERSION = YES;
				CLANG_WARN_OBJC_ROOT_CLASS = YES_ERROR;
				CLANG_WARN_SUSPICIOUS_MOVE = YES;
				CLANG_WARN_UNREACHABLE_CODE = YES;
				CLANG_WARN__DUPLICATE_METHOD_MATCH = YES;
				"CODE_SIGN_IDENTITY[sdk=iphoneos*]" = "iPhone Developer";
				COPY_PHASE_STRIP = NO;
				DEBUG_INFORMATION_FORMAT = dwarf;
				ENABLE_STRICT_OBJC_MSGSEND = YES;
				ENABLE_TESTABILITY = YES;
				GCC_C_LANGUAGE_STANDARD = gnu99;
				GCC_DYNAMIC_NO_PIC = NO;
				GCC_NO_COMMON_BLOCKS = YES;
				GCC_OPTIMIZATION_LEVEL = 0;
				GCC_PREPROCESSOR_DEFINITIONS = (
					"DEBUG=1",
					"$(inherited)",
				);
				GCC_WARN_64_TO_32_BIT_CONVERSION = YES;
				GCC_WARN_ABOUT_RETURN_TYPE = YES_ERROR;
				GCC_WARN_UNDECLARED_SELECTOR = YES;
				GCC_WARN_UNINITIALIZED_AUTOS = YES_AGGRESSIVE;
				GCC_WARN_UNUSED_FUNCTION = YES;
				GCC_WARN_UNUSED_VARIABLE = YES;
				IPHONEOS_DEPLOYMENT_TARGET = 10.3;
				MTL_ENABLE_DEBUG_INFO = YES;
				ONLY_ACTIVE_ARCH = YES;
				SDKROOT = iphoneos;
				SWIFT_ACTIVE_COMPILATION_CONDITIONS = DEBUG;
				SWIFT_OPTIMIZATION_LEVEL = "-Onone";
				TARGETED_DEVICE_FAMILY = "1,2";
			};
			name = Debug;
		};
		183973671EDA52D5009ECCB5 /* Release */ = {
			isa = XCBuildConfiguration;
			buildSettings = {
				ALWAYS_SEARCH_USER_PATHS = NO;
				CLANG_ANALYZER_NONNULL = YES;
				CLANG_ANALYZER_NUMBER_OBJECT_CONVERSION = YES_AGGRESSIVE;
				CLANG_CXX_LANGUAGE_STANDARD = "gnu++0x";
				CLANG_CXX_LIBRARY = "libc++";
				CLANG_ENABLE_MODULES = YES;
				CLANG_ENABLE_OBJC_ARC = YES;
				CLANG_WARN_BOOL_CONVERSION = YES;
				CLANG_WARN_CONSTANT_CONVERSION = YES;
				CLANG_WARN_DIRECT_OBJC_ISA_USAGE = YES_ERROR;
				CLANG_WARN_DOCUMENTATION_COMMENTS = YES;
				CLANG_WARN_EMPTY_BODY = YES;
				CLANG_WARN_ENUM_CONVERSION = YES;
				CLANG_WARN_INFINITE_RECURSION = YES;
				CLANG_WARN_INT_CONVERSION = YES;
				CLANG_WARN_OBJC_ROOT_CLASS = YES_ERROR;
				CLANG_WARN_SUSPICIOUS_MOVE = YES;
				CLANG_WARN_UNREACHABLE_CODE = YES;
				CLANG_WARN__DUPLICATE_METHOD_MATCH = YES;
				"CODE_SIGN_IDENTITY[sdk=iphoneos*]" = "iPhone Developer";
				COPY_PHASE_STRIP = NO;
				DEBUG_INFORMATION_FORMAT = "dwarf-with-dsym";
				ENABLE_NS_ASSERTIONS = NO;
				ENABLE_STRICT_OBJC_MSGSEND = YES;
				GCC_C_LANGUAGE_STANDARD = gnu99;
				GCC_NO_COMMON_BLOCKS = YES;
				GCC_WARN_64_TO_32_BIT_CONVERSION = YES;
				GCC_WARN_ABOUT_RETURN_TYPE = YES_ERROR;
				GCC_WARN_UNDECLARED_SELECTOR = YES;
				GCC_WARN_UNINITIALIZED_AUTOS = YES_AGGRESSIVE;
				GCC_WARN_UNUSED_FUNCTION = YES;
				GCC_WARN_UNUSED_VARIABLE = YES;
				IPHONEOS_DEPLOYMENT_TARGET = 10.3;
				MTL_ENABLE_DEBUG_INFO = NO;
				SDKROOT = iphoneos;
				SWIFT_OPTIMIZATION_LEVEL = "-Owholemodule";
				TARGETED_DEVICE_FAMILY = "1,2";
				VALIDATE_PRODUCT = YES;
			};
			name = Release;
		};
		183973691EDA52D5009ECCB5 /* Debug */ = {
			isa = XCBuildConfiguration;
			buildSettings = {
				ASSETCATALOG_COMPILER_APPICON_NAME = AppIcon;
				INFOPLIST_FILE = GithubDemo/Info.plist;
				LD_RUNPATH_SEARCH_PATHS = "$(inherited) @executable_path/Frameworks";
				PRODUCT_BUNDLE_IDENTIFIER = com.congnt.GithubDemo;
				PRODUCT_NAME = "$(TARGET_NAME)";
				SWIFT_VERSION = 3.0;
			};
			name = Debug;
		};
		1839736A1EDA52D5009ECCB5 /* Release */ = {
			isa = XCBuildConfiguration;
			buildSettings = {
				ASSETCATALOG_COMPILER_APPICON_NAME = AppIcon;
				INFOPLIST_FILE = GithubDemo/Info.plist;
				LD_RUNPATH_SEARCH_PATHS = "$(inherited) @executable_path/Frameworks";
				PRODUCT_BUNDLE_IDENTIFIER = com.congnt.GithubDemo;
				PRODUCT_NAME = "$(TARGET_NAME)";
				SWIFT_VERSION = 3.0;
			};
			name = Release;
		};
/* End XCBuildConfiguration section */

/* Begin XCConfigurationList section */
		183973511EDA52D5009ECCB5 /* Build configuration list for PBXProject "GithubDemo" */ = {
			isa = XCConfigurationList;
			buildConfigurations = (
				183973661EDA52D5009ECCB5 /* Debug */,
				183973671EDA52D5009ECCB5 /* Release */,
			);
			defaultConfigurationIsVisible = 0;
			defaultConfigurationName = Release;
		};
		183973681EDA52D5009ECCB5 /* Build configuration list for PBXNativeTarget "GithubDemo" */ = {
			isa = XCConfigurationList;
			buildConfigurations = (
				183973691EDA52D5009ECCB5 /* Debug */,
				1839736A1EDA52D5009ECCB5 /* Release */,
			);
			defaultConfigurationIsVisible = 0;
		};
/* End XCConfigurationList section */
	};
	rootObject = 1839734E1EDA52D5009ECCB5 /* Project object */;
}
